// !$*UTF8*$!
{
	archiveVersion = 1;
	classes = {
	};
	objectVersion = 50;
	objects = {

/* Begin PBXBuildFile section */
		FA853F5A2091B46C003EF45D /* FlashRuntimeExtensions.h in Sources */ = {isa = PBXBuildFile; fileRef = FA853F592091B411003EF45D /* FlashRuntimeExtensions.h */; };
		FA853F5B2091B46E003EF45D /* KAAdobeConstants.h in Sources */ = {isa = PBXBuildFile; fileRef = FA853F4F2091B38F003EF45D /* KAAdobeConstants.h */; };
		FA853F5E2091B495003EF45D /* KATrackingAdobeLib.m in Sources */ = {isa = PBXBuildFile; fileRef = FA853F5D2091B495003EF45D /* KATrackingAdobeLib.m */; };
		FA853F652091B627003EF45D /* KAAdobeSplashDelegate.m in Sources */ = {isa = PBXBuildFile; fileRef = FA853F642091B627003EF45D /* KAAdobeSplashDelegate.m */; };
		FA853F6A2091B80C003EF45D /* KAAdobeInterstitialDelegate.m in Sources */ = {isa = PBXBuildFile; fileRef = FA853F682091B80B003EF45D /* KAAdobeInterstitialDelegate.m */; };
		FA853F6B2091B80C003EF45D /* KAAdobeRewardVideoDelegate.m in Sources */ = {isa = PBXBuildFile; fileRef = FA853F692091B80B003EF45D /* KAAdobeRewardVideoDelegate.m */; };
		FA98D511209AB8270068088C /* CTSDK.a in Frameworks */ = {isa = PBXBuildFile; fileRef = FA98D510209AB8270068088C /* CTSDK.a */; };
		FA98D512209AB8370068088C /* VungleSDK.a in Frameworks */ = {isa = PBXBuildFile; fileRef = FA9E255D2093293F0018F168 /* VungleSDK.a */; };
		FA98D513209AB83B0068088C /* UnityAds.a in Frameworks */ = {isa = PBXBuildFile; fileRef = FA9E2557209329340018F168 /* UnityAds.a */; };
		FA98D514209AB8400068088C /* InMobiSDK.a in Frameworks */ = {isa = PBXBuildFile; fileRef = FA9E254D209329220018F168 /* InMobiSDK.a */; };
		FA98D515209AB8460068088C /* GoogleMobileAds.a in Frameworks */ = {isa = PBXBuildFile; fileRef = FA9E2528209329070018F168 /* GoogleMobileAds.a */; };
		FA98D516209AB8490068088C /* libGDTMobSDK.a in Frameworks */ = {isa = PBXBuildFile; fileRef = FA9E24F4209328F10018F168 /* libGDTMobSDK.a */; };
		FA98D518209ABB280068088C /* KATracking.a in Frameworks */ = {isa = PBXBuildFile; fileRef = FA98D517209ABB280068088C /* KATracking.a */; };
		FA98D51A209ABBB80068088C /* libTalkingData.a in Frameworks */ = {isa = PBXBuildFile; fileRef = FA98D519209ABBB80068088C /* libTalkingData.a */; };
/* End PBXBuildFile section */

/* Begin PBXCopyFilesBuildPhase section */
		FA853F1B2091B209003EF45D /* CopyFiles */ = {
			isa = PBXCopyFilesBuildPhase;
			buildActionMask = 2147483647;
			dstPath = "include/$(PRODUCT_NAME)";
			dstSubfolderSpec = 16;
			files = (
			);
			runOnlyForDeploymentPostprocessing = 0;
		};
/* End PBXCopyFilesBuildPhase section */

/* Begin PBXFileReference section */
		FA5D964F209A0CA2006F613B /* KATracking.h */ = {isa = PBXFileReference; fileEncoding = 4; lastKnownFileType = sourcecode.c.h; path = KATracking.h; sourceTree = "<group>"; };
		FA5D9650209A0CA2006F613B /* KASDK.h */ = {isa = PBXFileReference; fileEncoding = 4; lastKnownFileType = sourcecode.c.h; path = KASDK.h; sourceTree = "<group>"; };
		FA5D9651209A0CA2006F613B /* KAAdInterstitial.h */ = {isa = PBXFileReference; fileEncoding = 4; lastKnownFileType = sourcecode.c.h; path = KAAdInterstitial.h; sourceTree = "<group>"; };
		FA5D9652209A0CA2006F613B /* KAAdNative.h */ = {isa = PBXFileReference; fileEncoding = 4; lastKnownFileType = sourcecode.c.h; path = KAAdNative.h; sourceTree = "<group>"; };
		FA5D9653209A0CA2006F613B /* KAAdIncentivized.h */ = {isa = PBXFileReference; fileEncoding = 4; lastKnownFileType = sourcecode.c.h; path = KAAdIncentivized.h; sourceTree = "<group>"; };
		FA5D9654209A0CA2006F613B /* KAAdSplash.h */ = {isa = PBXFileReference; fileEncoding = 4; lastKnownFileType = sourcecode.c.h; path = KAAdSplash.h; sourceTree = "<group>"; };
		FA5D9655209A0CA2006F613B /* KAAdStatus.h */ = {isa = PBXFileReference; fileEncoding = 4; lastKnownFileType = sourcecode.c.h; path = KAAdStatus.h; sourceTree = "<group>"; };
		FA853F1D2091B209003EF45D /* libKATrackingAdobeLib.a */ = {isa = PBXFileReference; explicitFileType = archive.ar; includeInIndex = 0; path = libKATrackingAdobeLib.a; sourceTree = BUILT_PRODUCTS_DIR; };
		FA853F4F2091B38F003EF45D /* KAAdobeConstants.h */ = {isa = PBXFileReference; fileEncoding = 4; lastKnownFileType = sourcecode.c.h; path = KAAdobeConstants.h; sourceTree = "<group>"; };
		FA853F592091B411003EF45D /* FlashRuntimeExtensions.h */ = {isa = PBXFileReference; lastKnownFileType = sourcecode.c.h; path = FlashRuntimeExtensions.h; sourceTree = "<group>"; };
		FA853F5C2091B495003EF45D /* KATrackingAdobeLib.h */ = {isa = PBXFileReference; fileEncoding = 4; lastKnownFileType = sourcecode.c.h; path = KATrackingAdobeLib.h; sourceTree = "<group>"; };
		FA853F5D2091B495003EF45D /* KATrackingAdobeLib.m */ = {isa = PBXFileReference; fileEncoding = 4; lastKnownFileType = sourcecode.c.objc; path = KATrackingAdobeLib.m; sourceTree = "<group>"; };
		FA853F5F2091B4C2003EF45D /* KAAdobeInterstitialDelegate.h */ = {isa = PBXFileReference; lastKnownFileType = sourcecode.c.h; path = KAAdobeInterstitialDelegate.h; sourceTree = "<group>"; };
		FA853F602091B4C2003EF45D /* KAAdobeSplashDelegate.h */ = {isa = PBXFileReference; lastKnownFileType = sourcecode.c.h; path = KAAdobeSplashDelegate.h; sourceTree = "<group>"; };
		FA853F612091B4C2003EF45D /* KAAdobeRewardVideoDelegate.h */ = {isa = PBXFileReference; lastKnownFileType = sourcecode.c.h; path = KAAdobeRewardVideoDelegate.h; sourceTree = "<group>"; };
		FA853F642091B627003EF45D /* KAAdobeSplashDelegate.m */ = {isa = PBXFileReference; fileEncoding = 4; lastKnownFileType = sourcecode.c.objc; path = KAAdobeSplashDelegate.m; sourceTree = "<group>"; };
		FA853F682091B80B003EF45D /* KAAdobeInterstitialDelegate.m */ = {isa = PBXFileReference; fileEncoding = 4; lastKnownFileType = sourcecode.c.objc; path = KAAdobeInterstitialDelegate.m; sourceTree = "<group>"; };
		FA853F692091B80B003EF45D /* KAAdobeRewardVideoDelegate.m */ = {isa = PBXFileReference; fileEncoding = 4; lastKnownFileType = sourcecode.c.objc; path = KAAdobeRewardVideoDelegate.m; sourceTree = "<group>"; };
		FA98D510209AB8270068088C /* CTSDK.a */ = {isa = PBXFileReference; lastKnownFileType = archive.ar; path = CTSDK.a; sourceTree = "<group>"; };
		FA98D517209ABB280068088C /* KATracking.a */ = {isa = PBXFileReference; lastKnownFileType = archive.ar; path = KATracking.a; sourceTree = "<group>"; };
		FA98D519209ABBB80068088C /* libTalkingData.a */ = {isa = PBXFileReference; lastKnownFileType = archive.ar; path = libTalkingData.a; sourceTree = "<group>"; };
		FA9E24F4209328F10018F168 /* libGDTMobSDK.a */ = {isa = PBXFileReference; lastKnownFileType = archive.ar; path = libGDTMobSDK.a; sourceTree = "<group>"; };
		FA9E2528209329070018F168 /* GoogleMobileAds.a */ = {isa = PBXFileReference; lastKnownFileType = archive.ar; path = GoogleMobileAds.a; sourceTree = "<group>"; };
		FA9E254D209329220018F168 /* InMobiSDK.a */ = {isa = PBXFileReference; lastKnownFileType = archive.ar; path = InMobiSDK.a; sourceTree = "<group>"; };
		FA9E2552209329330018F168 /* UADSPurchasing.h */ = {isa = PBXFileReference; fileEncoding = 4; lastKnownFileType = sourcecode.c.h; path = UADSPurchasing.h; sourceTree = "<group>"; };
		FA9E2553209329330018F168 /* UnityAds.h */ = {isa = PBXFileReference; fileEncoding = 4; lastKnownFileType = sourcecode.c.h; path = UnityAds.h; sourceTree = "<group>"; };
		FA9E2554209329330018F168 /* UADSInAppPurchaseMetaData.h */ = {isa = PBXFileReference; fileEncoding = 4; lastKnownFileType = sourcecode.c.h; path = UADSInAppPurchaseMetaData.h; sourceTree = "<group>"; };
		FA9E2555209329330018F168 /* UnityAdsExtended.h */ = {isa = PBXFileReference; fileEncoding = 4; lastKnownFileType = sourcecode.c.h; path = UnityAdsExtended.h; sourceTree = "<group>"; };
		FA9E2556209329330018F168 /* UADSMetaData.h */ = {isa = PBXFileReference; fileEncoding = 4; lastKnownFileType = sourcecode.c.h; path = UADSMetaData.h; sourceTree = "<group>"; };
		FA9E2557209329340018F168 /* UnityAds.a */ = {isa = PBXFileReference; lastKnownFileType = archive.ar; path = UnityAds.a; sourceTree = "<group>"; };
		FA9E2558209329340018F168 /* UADSPlayerMetaData.h */ = {isa = PBXFileReference; fileEncoding = 4; lastKnownFileType = sourcecode.c.h; path = UADSPlayerMetaData.h; sourceTree = "<group>"; };
		FA9E2559209329340018F168 /* UADSMediationMetaData.h */ = {isa = PBXFileReference; fileEncoding = 4; lastKnownFileType = sourcecode.c.h; path = UADSMediationMetaData.h; sourceTree = "<group>"; };
		FA9E255A209329340018F168 /* UADSJsonStorage.h */ = {isa = PBXFileReference; fileEncoding = 4; lastKnownFileType = sourcecode.c.h; path = UADSJsonStorage.h; sourceTree = "<group>"; };
		FA9E255D2093293F0018F168 /* VungleSDK.a */ = {isa = PBXFileReference; lastKnownFileType = archive.ar; path = VungleSDK.a; sourceTree = "<group>"; };
		FA9E255E209329400018F168 /* VungleSDK.h */ = {isa = PBXFileReference; fileEncoding = 4; lastKnownFileType = sourcecode.c.h; path = VungleSDK.h; sourceTree = "<group>"; };
		FA9E255F209329400018F168 /* VungleSDKCreativeTracking.h */ = {isa = PBXFileReference; fileEncoding = 4; lastKnownFileType = sourcecode.c.h; path = VungleSDKCreativeTracking.h; sourceTree = "<group>"; };
		FA9E2560209329400018F168 /* VungleSDKHeaderBidding.h */ = {isa = PBXFileReference; fileEncoding = 4; lastKnownFileType = sourcecode.c.h; path = VungleSDKHeaderBidding.h; sourceTree = "<group>"; };
/* End PBXFileReference section */

/* Begin PBXFrameworksBuildPhase section */
		FA853F1A2091B209003EF45D /* Frameworks */ = {
			isa = PBXFrameworksBuildPhase;
			buildActionMask = 2147483647;
			files = (
				FA98D514209AB8400068088C /* InMobiSDK.a in Frameworks */,
				FA98D515209AB8460068088C /* GoogleMobileAds.a in Frameworks */,
				FA98D51A209ABBB80068088C /* libTalkingData.a in Frameworks */,
				FA98D516209AB8490068088C /* libGDTMobSDK.a in Frameworks */,
				FA98D512209AB8370068088C /* VungleSDK.a in Frameworks */,
				FA98D513209AB83B0068088C /* UnityAds.a in Frameworks */,
				FA98D511209AB8270068088C /* CTSDK.a in Frameworks */,
				FA98D518209ABB280068088C /* KATracking.a in Frameworks */,
			);
			runOnlyForDeploymentPostprocessing = 0;
		};
/* End PBXFrameworksBuildPhase section */

/* Begin PBXGroup section */
		FA5494D620935A1100F68A37 /* Frameworks */ = {
			isa = PBXGroup;
			children = (
			);
			name = Frameworks;
			sourceTree = "<group>";
		};
		FA853F142091B209003EF45D = {
			isa = PBXGroup;
			children = (
				FA853F1E2091B209003EF45D /* Products */,
				FA853F292091B212003EF45D /* ThirdPartyLibs */,
				FA853F1F2091B209003EF45D /* KATrackingAdobeLib */,
				FA5494D620935A1100F68A37 /* Frameworks */,
			);
			sourceTree = "<group>";
		};
		FA853F1E2091B209003EF45D /* Products */ = {
			isa = PBXGroup;
			children = (
				FA853F1D2091B209003EF45D /* libKATrackingAdobeLib.a */,
			);
			name = Products;
			sourceTree = "<group>";
		};
		FA853F1F2091B209003EF45D /* KATrackingAdobeLib */ = {
			isa = PBXGroup;
			children = (
				FA853F5F2091B4C2003EF45D /* KAAdobeInterstitialDelegate.h */,
				FA853F682091B80B003EF45D /* KAAdobeInterstitialDelegate.m */,
				FA853F612091B4C2003EF45D /* KAAdobeRewardVideoDelegate.h */,
				FA853F692091B80B003EF45D /* KAAdobeRewardVideoDelegate.m */,
				FA853F602091B4C2003EF45D /* KAAdobeSplashDelegate.h */,
				FA853F642091B627003EF45D /* KAAdobeSplashDelegate.m */,
				FA853F5C2091B495003EF45D /* KATrackingAdobeLib.h */,
				FA853F5D2091B495003EF45D /* KATrackingAdobeLib.m */,
				FA853F592091B411003EF45D /* FlashRuntimeExtensions.h */,
				FA853F4F2091B38F003EF45D /* KAAdobeConstants.h */,
			);
			path = KATrackingAdobeLib;
			sourceTree = "<group>";
		};
		FA853F292091B212003EF45D /* ThirdPartyLibs */ = {
			isa = PBXGroup;
			children = (
				FA9E255C2093293A0018F168 /* Vungle */,
				FA9E25512093292C0018F168 /* UnityAD */,
				FA9E2544209329120018F168 /* Inmobi */,
				FA9E24FB209328F70018F168 /* GoogleAdmob */,
				FA9E24F0209328E90018F168 /* GDT */,
				FA9E24E3209328D80018F168 /* CT */,
				FA9E24DB209328AB0018F168 /* KA */,
			);
			path = ThirdPartyLibs;
			sourceTree = "<group>";
		};
		FA9E24DB209328AB0018F168 /* KA */ = {
			isa = PBXGroup;
			children = (
				FA98D519209ABBB80068088C /* libTalkingData.a */,
				FA98D517209ABB280068088C /* KATracking.a */,
				FA5D9653209A0CA2006F613B /* KAAdIncentivized.h */,
				FA5D9651209A0CA2006F613B /* KAAdInterstitial.h */,
				FA5D9652209A0CA2006F613B /* KAAdNative.h */,
				FA5D9654209A0CA2006F613B /* KAAdSplash.h */,
				FA5D9655209A0CA2006F613B /* KAAdStatus.h */,
				FA5D9650209A0CA2006F613B /* KASDK.h */,
				FA5D964F209A0CA2006F613B /* KATracking.h */,
			);
			path = KA;
			sourceTree = "<group>";
		};
		FA9E24E3209328D80018F168 /* CT */ = {
			isa = PBXGroup;
			children = (
				FA98D510209AB8270068088C /* CTSDK.a */,
			);
			path = CT;
			sourceTree = "<group>";
		};
		FA9E24F0209328E90018F168 /* GDT */ = {
			isa = PBXGroup;
			children = (
				FA9E24F4209328F10018F168 /* libGDTMobSDK.a */,
			);
			path = GDT;
			sourceTree = "<group>";
		};
		FA9E24FB209328F70018F168 /* GoogleAdmob */ = {
			isa = PBXGroup;
			children = (
				FA9E2528209329070018F168 /* GoogleMobileAds.a */,
			);
			path = GoogleAdmob;
			sourceTree = "<group>";
		};
		FA9E2544209329120018F168 /* Inmobi */ = {
			isa = PBXGroup;
			children = (
				FA9E254D209329220018F168 /* InMobiSDK.a */,
			);
			path = Inmobi;
			sourceTree = "<group>";
		};
		FA9E25512093292C0018F168 /* UnityAD */ = {
			isa = PBXGroup;
			children = (
				FA9E2554209329330018F168 /* UADSInAppPurchaseMetaData.h */,
				FA9E255A209329340018F168 /* UADSJsonStorage.h */,
				FA9E2559209329340018F168 /* UADSMediationMetaData.h */,
				FA9E2556209329330018F168 /* UADSMetaData.h */,
				FA9E2558209329340018F168 /* UADSPlayerMetaData.h */,
				FA9E2552209329330018F168 /* UADSPurchasing.h */,
				FA9E2557209329340018F168 /* UnityAds.a */,
				FA9E2553209329330018F168 /* UnityAds.h */,
				FA9E2555209329330018F168 /* UnityAdsExtended.h */,
			);
			path = UnityAD;
			sourceTree = "<group>";
		};
		FA9E255C2093293A0018F168 /* Vungle */ = {
			isa = PBXGroup;
			children = (
				FA9E255D2093293F0018F168 /* VungleSDK.a */,
				FA9E255E209329400018F168 /* VungleSDK.h */,
				FA9E255F209329400018F168 /* VungleSDKCreativeTracking.h */,
				FA9E2560209329400018F168 /* VungleSDKHeaderBidding.h */,
			);
			path = Vungle;
			sourceTree = "<group>";
		};
/* End PBXGroup section */

/* Begin PBXNativeTarget section */
		FA853F1C2091B209003EF45D /* KATrackingAdobeLib */ = {
			isa = PBXNativeTarget;
			buildConfigurationList = FA853F262091B209003EF45D /* Build configuration list for PBXNativeTarget "KATrackingAdobeLib" */;
			buildPhases = (
				FA853F192091B209003EF45D /* Sources */,
				FA853F1A2091B209003EF45D /* Frameworks */,
				FA853F1B2091B209003EF45D /* CopyFiles */,
			);
			buildRules = (
			);
			dependencies = (
			);
			name = KATrackingAdobeLib;
			productName = KATrackingAdobeLib;
			productReference = FA853F1D2091B209003EF45D /* libKATrackingAdobeLib.a */;
			productType = "com.apple.product-type.library.static";
		};
/* End PBXNativeTarget section */

/* Begin PBXProject section */
		FA853F152091B209003EF45D /* Project object */ = {
			isa = PBXProject;
			attributes = {
				LastUpgradeCheck = 0930;
				ORGANIZATIONNAME = glzlaohuai;
				TargetAttributes = {
					FA853F1C2091B209003EF45D = {
						CreatedOnToolsVersion = 9.3;
					};
				};
			};
			buildConfigurationList = FA853F182091B209003EF45D /* Build configuration list for PBXProject "KATrackingAdobeLib" */;
			compatibilityVersion = "Xcode 9.3";
			developmentRegion = en;
			hasScannedForEncodings = 0;
			knownRegions = (
				en,
				Base,
			);
			mainGroup = FA853F142091B209003EF45D;
			productRefGroup = FA853F1E2091B209003EF45D /* Products */;
			projectDirPath = "";
			projectRoot = "";
			targets = (
				FA853F1C2091B209003EF45D /* KATrackingAdobeLib */,
			);
		};
/* End PBXProject section */

/* Begin PBXSourcesBuildPhase section */
		FA853F192091B209003EF45D /* Sources */ = {
			isa = PBXSourcesBuildPhase;
			buildActionMask = 2147483647;
			files = (
				FA853F5E2091B495003EF45D /* KATrackingAdobeLib.m in Sources */,
				FA853F6A2091B80C003EF45D /* KAAdobeInterstitialDelegate.m in Sources */,
				FA853F5A2091B46C003EF45D /* FlashRuntimeExtensions.h in Sources */,
				FA853F6B2091B80C003EF45D /* KAAdobeRewardVideoDelegate.m in Sources */,
				FA853F5B2091B46E003EF45D /* KAAdobeConstants.h in Sources */,
				FA853F652091B627003EF45D /* KAAdobeSplashDelegate.m in Sources */,
			);
			runOnlyForDeploymentPostprocessing = 0;
		};
/* End PBXSourcesBuildPhase section */

/* Begin XCBuildConfiguration section */
		FA853F242091B209003EF45D /* Debug */ = {
			isa = XCBuildConfiguration;
			buildSettings = {
				ALWAYS_SEARCH_USER_PATHS = NO;
				CLANG_ANALYZER_NONNULL = YES;
				CLANG_ANALYZER_NUMBER_OBJECT_CONVERSION = YES_AGGRESSIVE;
				CLANG_CXX_LANGUAGE_STANDARD = "gnu++14";
				CLANG_CXX_LIBRARY = "libc++";
				CLANG_ENABLE_MODULES = YES;
				CLANG_ENABLE_OBJC_ARC = YES;
				CLANG_ENABLE_OBJC_WEAK = YES;
				CLANG_WARN_BLOCK_CAPTURE_AUTORELEASING = YES;
				CLANG_WARN_BOOL_CONVERSION = YES;
				CLANG_WARN_COMMA = YES;
				CLANG_WARN_CONSTANT_CONVERSION = YES;
				CLANG_WARN_DEPRECATED_OBJC_IMPLEMENTATIONS = YES;
				CLANG_WARN_DIRECT_OBJC_ISA_USAGE = YES_ERROR;
				CLANG_WARN_DOCUMENTATION_COMMENTS = YES;
				CLANG_WARN_EMPTY_BODY = YES;
				CLANG_WARN_ENUM_CONVERSION = YES;
				CLANG_WARN_INFINITE_RECURSION = YES;
				CLANG_WARN_INT_CONVERSION = YES;
				CLANG_WARN_NON_LITERAL_NULL_CONVERSION = YES;
				CLANG_WARN_OBJC_IMPLICIT_RETAIN_SELF = YES;
				CLANG_WARN_OBJC_LITERAL_CONVERSION = YES;
				CLANG_WARN_OBJC_ROOT_CLASS = YES_ERROR;
				CLANG_WARN_RANGE_LOOP_ANALYSIS = YES;
				CLANG_WARN_STRICT_PROTOTYPES = YES;
				CLANG_WARN_SUSPICIOUS_MOVE = YES;
				CLANG_WARN_UNGUARDED_AVAILABILITY = YES_AGGRESSIVE;
				CLANG_WARN_UNREACHABLE_CODE = YES;
				CLANG_WARN__DUPLICATE_METHOD_MATCH = YES;
				CODE_SIGN_IDENTITY = "iPhone Developer";
				COPY_PHASE_STRIP = NO;
				DEBUG_INFORMATION_FORMAT = dwarf;
				ENABLE_STRICT_OBJC_MSGSEND = YES;
				ENABLE_TESTABILITY = YES;
				GCC_C_LANGUAGE_STANDARD = gnu11;
				GCC_DYNAMIC_NO_PIC = NO;
				GCC_NO_COMMON_BLOCKS = YES;
				GCC_OPTIMIZATION_LEVEL = 0;
				GCC_PREPROCESSOR_DEFINITIONS = (
					"DEBUG=1",
					"$(inherited)",
				);
				GCC_WARN_64_TO_32_BIT_CONVERSION = YES;
				GCC_WARN_ABOUT_RETURN_TYPE = YES_ERROR;
				GCC_WARN_UNDECLARED_SELECTOR = YES;
				GCC_WARN_UNINITIALIZED_AUTOS = YES_AGGRESSIVE;
				GCC_WARN_UNUSED_FUNCTION = YES;
				GCC_WARN_UNUSED_VARIABLE = YES;
				IPHONEOS_DEPLOYMENT_TARGET = 8.0;
				MTL_ENABLE_DEBUG_INFO = YES;
				ONLY_ACTIVE_ARCH = YES;
				SDKROOT = iphoneos;
			};
			name = Debug;
		};
		FA853F252091B209003EF45D /* Release */ = {
			isa = XCBuildConfiguration;
			buildSettings = {
				ALWAYS_SEARCH_USER_PATHS = NO;
				CLANG_ANALYZER_NONNULL = YES;
				CLANG_ANALYZER_NUMBER_OBJECT_CONVERSION = YES_AGGRESSIVE;
				CLANG_CXX_LANGUAGE_STANDARD = "gnu++14";
				CLANG_CXX_LIBRARY = "libc++";
				CLANG_ENABLE_MODULES = YES;
				CLANG_ENABLE_OBJC_ARC = YES;
				CLANG_ENABLE_OBJC_WEAK = YES;
				CLANG_WARN_BLOCK_CAPTURE_AUTORELEASING = YES;
				CLANG_WARN_BOOL_CONVERSION = YES;
				CLANG_WARN_COMMA = YES;
				CLANG_WARN_CONSTANT_CONVERSION = YES;
				CLANG_WARN_DEPRECATED_OBJC_IMPLEMENTATIONS = YES;
				CLANG_WARN_DIRECT_OBJC_ISA_USAGE = YES_ERROR;
				CLANG_WARN_DOCUMENTATION_COMMENTS = YES;
				CLANG_WARN_EMPTY_BODY = YES;
				CLANG_WARN_ENUM_CONVERSION = YES;
				CLANG_WARN_INFINITE_RECURSION = YES;
				CLANG_WARN_INT_CONVERSION = YES;
				CLANG_WARN_NON_LITERAL_NULL_CONVERSION = YES;
				CLANG_WARN_OBJC_IMPLICIT_RETAIN_SELF = YES;
				CLANG_WARN_OBJC_LITERAL_CONVERSION = YES;
				CLANG_WARN_OBJC_ROOT_CLASS = YES_ERROR;
				CLANG_WARN_RANGE_LOOP_ANALYSIS = YES;
				CLANG_WARN_STRICT_PROTOTYPES = YES;
				CLANG_WARN_SUSPICIOUS_MOVE = YES;
				CLANG_WARN_UNGUARDED_AVAILABILITY = YES_AGGRESSIVE;
				CLANG_WARN_UNREACHABLE_CODE = YES;
				CLANG_WARN__DUPLICATE_METHOD_MATCH = YES;
				CODE_SIGN_IDENTITY = "iPhone Developer";
				COPY_PHASE_STRIP = NO;
				DEBUG_INFORMATION_FORMAT = "dwarf-with-dsym";
				ENABLE_NS_ASSERTIONS = NO;
				ENABLE_STRICT_OBJC_MSGSEND = YES;
				GCC_C_LANGUAGE_STANDARD = gnu11;
				GCC_NO_COMMON_BLOCKS = YES;
				GCC_WARN_64_TO_32_BIT_CONVERSION = YES;
				GCC_WARN_ABOUT_RETURN_TYPE = YES_ERROR;
				GCC_WARN_UNDECLARED_SELECTOR = YES;
				GCC_WARN_UNINITIALIZED_AUTOS = YES_AGGRESSIVE;
				GCC_WARN_UNUSED_FUNCTION = YES;
				GCC_WARN_UNUSED_VARIABLE = YES;
				IPHONEOS_DEPLOYMENT_TARGET = 8.0;
				MTL_ENABLE_DEBUG_INFO = NO;
				SDKROOT = iphoneos;
				VALIDATE_PRODUCT = YES;
			};
			name = Release;
		};
		FA853F272091B209003EF45D /* Debug */ = {
			isa = XCBuildConfiguration;
			buildSettings = {
				CODE_SIGN_STYLE = Automatic;
				DEVELOPMENT_TEAM = 8JEAL74THQ;
				FRAMEWORK_SEARCH_PATHS = (
					"$(inherited)",
					"$(PROJECT_DIR)/ThirdPartyLibs",
				);
				LIBRARY_SEARCH_PATHS = (
					"$(inherited)",
					"$(PROJECT_DIR)/ThirdPartyLibs",
					"$(PROJECT_DIR)/ThirdPartyLibs/CT",
					"$(PROJECT_DIR)/ThirdPartyLibs/GDT",
					"$(PROJECT_DIR)/ThirdPartyLibs/GoogleAdmob",
					"$(PROJECT_DIR)/ThirdPartyLibs/Inmobi",
					"$(PROJECT_DIR)/ThirdPartyLibs/UnityAD",
					"$(PROJECT_DIR)/ThirdPartyLibs/Vungle",
					"$(PROJECT_DIR)/ThirdPartyLibs/KA",
				);
				ONLY_ACTIVE_ARCH = NO;
				OTHER_LDFLAGS = "-ObjC";
				PRODUCT_NAME = "$(TARGET_NAME)";
				SKIP_INSTALL = YES;
				TARGETED_DEVICE_FAMILY = "1,2";
			};
			name = Debug;
		};
		FA853F282091B209003EF45D /* Release */ = {
			isa = XCBuildConfiguration;
			buildSettings = {
				CODE_SIGN_STYLE = Automatic;
				DEVELOPMENT_TEAM = 8JEAL74THQ;
				FRAMEWORK_SEARCH_PATHS = (
					"$(inherited)",
					"$(PROJECT_DIR)/ThirdPartyLibs",
				);
				LIBRARY_SEARCH_PATHS = (
					"$(inherited)",
					"$(PROJECT_DIR)/ThirdPartyLibs",
					"$(PROJECT_DIR)/ThirdPartyLibs/CT",
					"$(PROJECT_DIR)/ThirdPartyLibs/GDT",
					"$(PROJECT_DIR)/ThirdPartyLibs/GoogleAdmob",
					"$(PROJECT_DIR)/ThirdPartyLibs/Inmobi",
					"$(PROJECT_DIR)/ThirdPartyLibs/UnityAD",
					"$(PROJECT_DIR)/ThirdPartyLibs/Vungle",
					"$(PROJECT_DIR)/ThirdPartyLibs/KA",
				);
				OTHER_LDFLAGS = "-ObjC";
				PRODUCT_NAME = "$(TARGET_NAME)";
				SKIP_INSTALL = YES;
				TARGETED_DEVICE_FAMILY = "1,2";
			};
			name = Release;
		};
/* End XCBuildConfiguration section */

/* Begin XCConfigurationList section */
		FA853F182091B209003EF45D /* Build configuration list for PBXProject "KATrackingAdobeLib" */ = {
			isa = XCConfigurationList;
			buildConfigurations = (
				FA853F242091B209003EF45D /* Debug */,
				FA853F252091B209003EF45D /* Release */,
			);
			defaultConfigurationIsVisible = 0;
			defaultConfigurationName = Release;
		};
		FA853F262091B209003EF45D /* Build configuration list for PBXNativeTarget "KATrackingAdobeLib" */ = {
			isa = XCConfigurationList;
			buildConfigurations = (
				FA853F272091B209003EF45D /* Debug */,
				FA853F282091B209003EF45D /* Release */,
			);
			defaultConfigurationIsVisible = 0;
			defaultConfigurationName = Release;
		};
/* End XCConfigurationList section */
	};
	rootObject = FA853F152091B209003EF45D /* Project object */;
}
