// !$*UTF8*$!
{
	archiveVersion = 1;
	classes = {
	};
	objectVersion = 50;
	objects = {

/* Begin PBXBuildFile section */
		30CE5CBF2089D0DC0045D345 /* StoreKit.framework in Frameworks */ = {isa = PBXBuildFile; fileRef = 30CE5CBE2089D0DC0045D345 /* StoreKit.framework */; };
		30CE5CC12089D0E10045D345 /* CoreTelephony.framework in Frameworks */ = {isa = PBXBuildFile; fileRef = 30CE5CC02089D0E10045D345 /* CoreTelephony.framework */; };
		30CE5CC32089D0E80045D345 /* AdSupport.framework in Frameworks */ = {isa = PBXBuildFile; fileRef = 30CE5CC22089D0E80045D345 /* AdSupport.framework */; };
		30CE5CC52089D1B00045D345 /* QuartzCore.framework in Frameworks */ = {isa = PBXBuildFile; fileRef = 30CE5CC42089D1B00045D345 /* QuartzCore.framework */; };
		30CE5CC72089D1BD0045D345 /* libsqlite3.0.tbd in Frameworks */ = {isa = PBXBuildFile; fileRef = 30CE5CC62089D1BD0045D345 /* libsqlite3.0.tbd */; };
		30CE5CC92089D1C20045D345 /* WebKit.framework in Frameworks */ = {isa = PBXBuildFile; fileRef = 30CE5CC82089D1C20045D345 /* WebKit.framework */; };
		30CE5CCB2089D1C90045D345 /* CoreText.framework in Frameworks */ = {isa = PBXBuildFile; fileRef = 30CE5CCA2089D1C90045D345 /* CoreText.framework */; };
		30CE5CCD2089D1CE0045D345 /* CoreData.framework in Frameworks */ = {isa = PBXBuildFile; fileRef = 30CE5CCC2089D1CE0045D345 /* CoreData.framework */; };
		30CE5CCF2089D1D30045D345 /* AVFoundation.framework in Frameworks */ = {isa = PBXBuildFile; fileRef = 30CE5CCE2089D1D30045D345 /* AVFoundation.framework */; };
		30CE5CD12089D1DD0045D345 /* CoreMotion.framework in Frameworks */ = {isa = PBXBuildFile; fileRef = 30CE5CD02089D1DD0045D345 /* CoreMotion.framework */; };
		30CE5CD32089D1E20045D345 /* CFNetwork.framework in Frameworks */ = {isa = PBXBuildFile; fileRef = 30CE5CD22089D1E20045D345 /* CFNetwork.framework */; };
		30CE5CD52089D1EB0045D345 /* CoreLocation.framework in Frameworks */ = {isa = PBXBuildFile; fileRef = 30CE5CD42089D1EB0045D345 /* CoreLocation.framework */; };
		30CE5CD72089D1F30045D345 /* Security.framework in Frameworks */ = {isa = PBXBuildFile; fileRef = 30CE5CD62089D1F30045D345 /* Security.framework */; };
		30CE5CD92089D1F90045D345 /* UIKit.framework in Frameworks */ = {isa = PBXBuildFile; fileRef = 30CE5CD82089D1F90045D345 /* UIKit.framework */; };
		30CE5CDB2089D2020045D345 /* SystemConfiguration.framework in Frameworks */ = {isa = PBXBuildFile; fileRef = 30CE5CDA2089D2020045D345 /* SystemConfiguration.framework */; };
		30CE5CDD2089D2080045D345 /* libxml2.2.tbd in Frameworks */ = {isa = PBXBuildFile; fileRef = 30CE5CDC2089D2080045D345 /* libxml2.2.tbd */; };
		30CE5CDF2089D20D0045D345 /* libz.tbd in Frameworks */ = {isa = PBXBuildFile; fileRef = 30CE5CDE2089D20D0045D345 /* libz.tbd */; };
		30CE5CF82089D2D70045D345 /* KAResources.bundle in Resources */ = {isa = PBXBuildFile; fileRef = 30CE5CE32089D2D70045D345 /* KAResources.bundle */; };
		30CE5CF92089D2D70045D345 /* Assets.xcassets in Resources */ = {isa = PBXBuildFile; fileRef = 30CE5CE52089D2D70045D345 /* Assets.xcassets */; };
		30CE5CFA2089D2D70045D345 /* ViewController.m in Sources */ = {isa = PBXBuildFile; fileRef = 30CE5CE72089D2D70045D345 /* ViewController.m */; };
		30CE5CFB2089D2D70045D345 /* LaunchScreen.storyboard in Resources */ = {isa = PBXBuildFile; fileRef = 30CE5CE82089D2D70045D345 /* LaunchScreen.storyboard */; };
		30CE5CFC2089D2D70045D345 /* Main.storyboard in Resources */ = {isa = PBXBuildFile; fileRef = 30CE5CEA2089D2D70045D345 /* Main.storyboard */; };
		30CE5CFD2089D2D70045D345 /* Main.storyboard in Resources */ = {isa = PBXBuildFile; fileRef = 30CE5CEC2089D2D70045D345 /* Main.storyboard */; };
		30CE5CFE2089D2D70045D345 /* main.m in Sources */ = {isa = PBXBuildFile; fileRef = 30CE5CED2089D2D70045D345 /* main.m */; };
		30CE5CFF2089D2D70045D345 /* NativeAdController.m in Sources */ = {isa = PBXBuildFile; fileRef = 30CE5CEE2089D2D70045D345 /* NativeAdController.m */; };
		30CE5D002089D2D70045D345 /* AppDelegate.m in Sources */ = {isa = PBXBuildFile; fileRef = 30CE5CEF2089D2D70045D345 /* AppDelegate.m */; };
		30CE5D012089D2D70045D345 /* KATracking.framework in Frameworks */ = {isa = PBXBuildFile; fileRef = 30CE5CF12089D2D70045D345 /* KATracking.framework */; };
		30CE5D022089D2D70045D345 /* KATracking.framework in Frameworks */ = {isa = PBXBuildFile; fileRef = 30CE5CF32089D2D70045D345 /* KATracking.framework */; };
		30CE5D032089D2D70045D345 /* AdCell.m in Sources */ = {isa = PBXBuildFile; fileRef = 30CE5CF42089D2D70045D345 /* AdCell.m */; };
		30CE5D042089D2D70045D345 /* AdCellView.xib in Resources */ = {isa = PBXBuildFile; fileRef = 30CE5CF52089D2D70045D345 /* AdCellView.xib */; };
		30CE5D0A2089D2EA0045D345 /* KATracking.framework in Frameworks */ = {isa = PBXBuildFile; fileRef = 30CE5D072089D2EA0045D345 /* KATracking.framework */; };
		30CE5D46208A05B50045D345 /* InMobiSDK.framework in Frameworks */ = {isa = PBXBuildFile; fileRef = 30CE5D38208A05B50045D345 /* InMobiSDK.framework */; };
		30CE5D47208A05B50045D345 /* UnityAds.framework in Frameworks */ = {isa = PBXBuildFile; fileRef = 30CE5D39208A05B50045D345 /* UnityAds.framework */; };
		30CE5D48208A05B50045D345 /* libGDTMobSDK.a in Frameworks */ = {isa = PBXBuildFile; fileRef = 30CE5D43208A05B50045D345 /* libGDTMobSDK.a */; };
		30CE5D49208A05B50045D345 /* GoogleMobileAds.framework in Frameworks */ = {isa = PBXBuildFile; fileRef = 30CE5D44208A05B50045D345 /* GoogleMobileAds.framework */; };
		30CE5D4A208A05B50045D345 /* VungleSDK.framework in Frameworks */ = {isa = PBXBuildFile; fileRef = 30CE5D45208A05B50045D345 /* VungleSDK.framework */; };
/* End PBXBuildFile section */

/* Begin PBXFileReference section */
		30CE5C792089CF920045D345 /* KATrackingAdDemo.app */ = {isa = PBXFileReference; explicitFileType = wrapper.application; includeInIndex = 0; path = KATrackingAdDemo.app; sourceTree = BUILT_PRODUCTS_DIR; };
		30CE5CBE2089D0DC0045D345 /* StoreKit.framework */ = {isa = PBXFileReference; lastKnownFileType = wrapper.framework; name = StoreKit.framework; path = System/Library/Frameworks/StoreKit.framework; sourceTree = SDKROOT; };
		30CE5CC02089D0E10045D345 /* CoreTelephony.framework */ = {isa = PBXFileReference; lastKnownFileType = wrapper.framework; name = CoreTelephony.framework; path = System/Library/Frameworks/CoreTelephony.framework; sourceTree = SDKROOT; };
		30CE5CC22089D0E80045D345 /* AdSupport.framework */ = {isa = PBXFileReference; lastKnownFileType = wrapper.framework; name = AdSupport.framework; path = System/Library/Frameworks/AdSupport.framework; sourceTree = SDKROOT; };
		30CE5CC42089D1B00045D345 /* QuartzCore.framework */ = {isa = PBXFileReference; lastKnownFileType = wrapper.framework; name = QuartzCore.framework; path = System/Library/Frameworks/QuartzCore.framework; sourceTree = SDKROOT; };
		30CE5CC62089D1BD0045D345 /* libsqlite3.0.tbd */ = {isa = PBXFileReference; lastKnownFileType = "sourcecode.text-based-dylib-definition"; name = libsqlite3.0.tbd; path = usr/lib/libsqlite3.0.tbd; sourceTree = SDKROOT; };
		30CE5CC82089D1C20045D345 /* WebKit.framework */ = {isa = PBXFileReference; lastKnownFileType = wrapper.framework; name = WebKit.framework; path = System/Library/Frameworks/WebKit.framework; sourceTree = SDKROOT; };
		30CE5CCA2089D1C90045D345 /* CoreText.framework */ = {isa = PBXFileReference; lastKnownFileType = wrapper.framework; name = CoreText.framework; path = System/Library/Frameworks/CoreText.framework; sourceTree = SDKROOT; };
		30CE5CCC2089D1CE0045D345 /* CoreData.framework */ = {isa = PBXFileReference; lastKnownFileType = wrapper.framework; name = CoreData.framework; path = System/Library/Frameworks/CoreData.framework; sourceTree = SDKROOT; };
		30CE5CCE2089D1D30045D345 /* AVFoundation.framework */ = {isa = PBXFileReference; lastKnownFileType = wrapper.framework; name = AVFoundation.framework; path = System/Library/Frameworks/AVFoundation.framework; sourceTree = SDKROOT; };
		30CE5CD02089D1DD0045D345 /* CoreMotion.framework */ = {isa = PBXFileReference; lastKnownFileType = wrapper.framework; name = CoreMotion.framework; path = System/Library/Frameworks/CoreMotion.framework; sourceTree = SDKROOT; };
		30CE5CD22089D1E20045D345 /* CFNetwork.framework */ = {isa = PBXFileReference; lastKnownFileType = wrapper.framework; name = CFNetwork.framework; path = System/Library/Frameworks/CFNetwork.framework; sourceTree = SDKROOT; };
		30CE5CD42089D1EB0045D345 /* CoreLocation.framework */ = {isa = PBXFileReference; lastKnownFileType = wrapper.framework; name = CoreLocation.framework; path = System/Library/Frameworks/CoreLocation.framework; sourceTree = SDKROOT; };
		30CE5CD62089D1F30045D345 /* Security.framework */ = {isa = PBXFileReference; lastKnownFileType = wrapper.framework; name = Security.framework; path = System/Library/Frameworks/Security.framework; sourceTree = SDKROOT; };
		30CE5CD82089D1F90045D345 /* UIKit.framework */ = {isa = PBXFileReference; lastKnownFileType = wrapper.framework; name = UIKit.framework; path = System/Library/Frameworks/UIKit.framework; sourceTree = SDKROOT; };
		30CE5CDA2089D2020045D345 /* SystemConfiguration.framework */ = {isa = PBXFileReference; lastKnownFileType = wrapper.framework; name = SystemConfiguration.framework; path = System/Library/Frameworks/SystemConfiguration.framework; sourceTree = SDKROOT; };
		30CE5CDC2089D2080045D345 /* libxml2.2.tbd */ = {isa = PBXFileReference; lastKnownFileType = "sourcecode.text-based-dylib-definition"; name = libxml2.2.tbd; path = usr/lib/libxml2.2.tbd; sourceTree = SDKROOT; };
		30CE5CDE2089D20D0045D345 /* libz.tbd */ = {isa = PBXFileReference; lastKnownFileType = "sourcecode.text-based-dylib-definition"; name = libz.tbd; path = usr/lib/libz.tbd; sourceTree = SDKROOT; };
		30CE5CE12089D2D70045D345 /* AppDelegate.h */ = {isa = PBXFileReference; fileEncoding = 4; lastKnownFileType = sourcecode.c.h; path = AppDelegate.h; sourceTree = "<group>"; };
		30CE5CE22089D2D70045D345 /* NativeAdController.h */ = {isa = PBXFileReference; fileEncoding = 4; lastKnownFileType = sourcecode.c.h; path = NativeAdController.h; sourceTree = "<group>"; };
		30CE5CE32089D2D70045D345 /* KAResources.bundle */ = {isa = PBXFileReference; lastKnownFileType = "wrapper.plug-in"; path = KAResources.bundle; sourceTree = "<group>"; };
		30CE5CE42089D2D70045D345 /* AdCell.h */ = {isa = PBXFileReference; fileEncoding = 4; lastKnownFileType = sourcecode.c.h; path = AdCell.h; sourceTree = "<group>"; };
		30CE5CE52089D2D70045D345 /* Assets.xcassets */ = {isa = PBXFileReference; lastKnownFileType = folder.assetcatalog; path = Assets.xcassets; sourceTree = "<group>"; };
		30CE5CE62089D2D70045D345 /* Prefix.pch */ = {isa = PBXFileReference; fileEncoding = 4; lastKnownFileType = sourcecode.c.h; path = Prefix.pch; sourceTree = "<group>"; };
		30CE5CE72089D2D70045D345 /* ViewController.m */ = {isa = PBXFileReference; fileEncoding = 4; lastKnownFileType = sourcecode.c.objc; path = ViewController.m; sourceTree = "<group>"; };
		30CE5CE92089D2D70045D345 /* Base */ = {isa = PBXFileReference; lastKnownFileType = file.storyboard; name = Base; path = Base.lproj/LaunchScreen.storyboard; sourceTree = "<group>"; };
		30CE5CEB2089D2D70045D345 /* Base */ = {isa = PBXFileReference; lastKnownFileType = file.storyboard; name = Base; path = Base.lproj/Main.storyboard; sourceTree = "<group>"; };
		30CE5CEC2089D2D70045D345 /* Main.storyboard */ = {isa = PBXFileReference; fileEncoding = 4; lastKnownFileType = file.storyboard; path = Main.storyboard; sourceTree = "<group>"; };
		30CE5CED2089D2D70045D345 /* main.m */ = {isa = PBXFileReference; fileEncoding = 4; lastKnownFileType = sourcecode.c.objc; path = main.m; sourceTree = "<group>"; };
		30CE5CEE2089D2D70045D345 /* NativeAdController.m */ = {isa = PBXFileReference; fileEncoding = 4; lastKnownFileType = sourcecode.c.objc; path = NativeAdController.m; sourceTree = "<group>"; };
		30CE5CEF2089D2D70045D345 /* AppDelegate.m */ = {isa = PBXFileReference; fileEncoding = 4; lastKnownFileType = sourcecode.c.objc; path = AppDelegate.m; sourceTree = "<group>"; };
		30CE5CF12089D2D70045D345 /* KATracking.framework */ = {isa = PBXFileReference; lastKnownFileType = wrapper.framework; path = KATracking.framework; sourceTree = "<group>"; };
		30CE5CF32089D2D70045D345 /* KATracking.framework */ = {isa = PBXFileReference; lastKnownFileType = wrapper.framework; path = KATracking.framework; sourceTree = "<group>"; };
		30CE5CF42089D2D70045D345 /* AdCell.m */ = {isa = PBXFileReference; fileEncoding = 4; lastKnownFileType = sourcecode.c.objc; path = AdCell.m; sourceTree = "<group>"; };
		30CE5CF52089D2D70045D345 /* AdCellView.xib */ = {isa = PBXFileReference; fileEncoding = 4; lastKnownFileType = file.xib; path = AdCellView.xib; sourceTree = "<group>"; };
		30CE5CF62089D2D70045D345 /* Info.plist */ = {isa = PBXFileReference; fileEncoding = 4; lastKnownFileType = text.plist.xml; path = Info.plist; sourceTree = "<group>"; };
		30CE5CF72089D2D70045D345 /* ViewController.h */ = {isa = PBXFileReference; fileEncoding = 4; lastKnownFileType = sourcecode.c.h; path = ViewController.h; sourceTree = "<group>"; };
		30CE5D072089D2EA0045D345 /* KATracking.framework */ = {isa = PBXFileReference; lastKnownFileType = wrapper.framework; path = KATracking.framework; sourceTree = "<group>"; };
		30CE5D38208A05B50045D345 /* InMobiSDK.framework */ = {isa = PBXFileReference; lastKnownFileType = wrapper.framework; path = InMobiSDK.framework; sourceTree = "<group>"; };
		30CE5D39208A05B50045D345 /* UnityAds.framework */ = {isa = PBXFileReference; lastKnownFileType = wrapper.framework; path = UnityAds.framework; sourceTree = "<group>"; };
		30CE5D3B208A05B50045D345 /* GDTNativeExpressAdView.h */ = {isa = PBXFileReference; fileEncoding = 4; lastKnownFileType = sourcecode.c.h; path = GDTNativeExpressAdView.h; sourceTree = "<group>"; };
		30CE5D3C208A05B50045D345 /* GDTMobBannerView.h */ = {isa = PBXFileReference; fileEncoding = 4; lastKnownFileType = sourcecode.c.h; path = GDTMobBannerView.h; sourceTree = "<group>"; };
		30CE5D3D208A05B50045D345 /* GDTTrack.h */ = {isa = PBXFileReference; fileEncoding = 4; lastKnownFileType = sourcecode.c.h; path = GDTTrack.h; sourceTree = "<group>"; };
		30CE5D3E208A05B50045D345 /* GDTNativeAd.h */ = {isa = PBXFileReference; fileEncoding = 4; lastKnownFileType = sourcecode.c.h; path = GDTNativeAd.h; sourceTree = "<group>"; };
		30CE5D3F208A05B50045D345 /* GDTSDKConfig.h */ = {isa = PBXFileReference; fileEncoding = 4; lastKnownFileType = sourcecode.c.h; path = GDTSDKConfig.h; sourceTree = "<group>"; };
		30CE5D40208A05B50045D345 /* GDTMobInterstitial.h */ = {isa = PBXFileReference; fileEncoding = 4; lastKnownFileType = sourcecode.c.h; path = GDTMobInterstitial.h; sourceTree = "<group>"; };
		30CE5D41208A05B50045D345 /* GDTSplashAd.h */ = {isa = PBXFileReference; fileEncoding = 4; lastKnownFileType = sourcecode.c.h; path = GDTSplashAd.h; sourceTree = "<group>"; };
		30CE5D42208A05B50045D345 /* GDTNativeExpressAd.h */ = {isa = PBXFileReference; fileEncoding = 4; lastKnownFileType = sourcecode.c.h; path = GDTNativeExpressAd.h; sourceTree = "<group>"; };
		30CE5D43208A05B50045D345 /* libGDTMobSDK.a */ = {isa = PBXFileReference; lastKnownFileType = archive.ar; path = libGDTMobSDK.a; sourceTree = "<group>"; };
		30CE5D44208A05B50045D345 /* GoogleMobileAds.framework */ = {isa = PBXFileReference; lastKnownFileType = wrapper.framework; path = GoogleMobileAds.framework; sourceTree = "<group>"; };
		30CE5D45208A05B50045D345 /* VungleSDK.framework */ = {isa = PBXFileReference; lastKnownFileType = wrapper.framework; path = VungleSDK.framework; sourceTree = "<group>"; };
/* End PBXFileReference section */

/* Begin PBXFrameworksBuildPhase section */
		30CE5C762089CF920045D345 /* Frameworks */ = {
			isa = PBXFrameworksBuildPhase;
			buildActionMask = 2147483647;
			files = (
				30CE5CDF2089D20D0045D345 /* libz.tbd in Frameworks */,
				30CE5CDD2089D2080045D345 /* libxml2.2.tbd in Frameworks */,
				30CE5CDB2089D2020045D345 /* SystemConfiguration.framework in Frameworks */,
				30CE5CD92089D1F90045D345 /* UIKit.framework in Frameworks */,
				30CE5CD72089D1F30045D345 /* Security.framework in Frameworks */,
				30CE5D47208A05B50045D345 /* UnityAds.framework in Frameworks */,
				30CE5CD52089D1EB0045D345 /* CoreLocation.framework in Frameworks */,
				30CE5CD32089D1E20045D345 /* CFNetwork.framework in Frameworks */,
				30CE5D012089D2D70045D345 /* KATracking.framework in Frameworks */,
				30CE5CD12089D1DD0045D345 /* CoreMotion.framework in Frameworks */,
				30CE5CCF2089D1D30045D345 /* AVFoundation.framework in Frameworks */,
				30CE5CCD2089D1CE0045D345 /* CoreData.framework in Frameworks */,
				30CE5D0A2089D2EA0045D345 /* KATracking.framework in Frameworks */,
				30CE5CCB2089D1C90045D345 /* CoreText.framework in Frameworks */,
				30CE5CC92089D1C20045D345 /* WebKit.framework in Frameworks */,
				30CE5CC72089D1BD0045D345 /* libsqlite3.0.tbd in Frameworks */,
				30CE5CC52089D1B00045D345 /* QuartzCore.framework in Frameworks */,
				30CE5D022089D2D70045D345 /* KATracking.framework in Frameworks */,
				30CE5D49208A05B50045D345 /* GoogleMobileAds.framework in Frameworks */,
				30CE5CC32089D0E80045D345 /* AdSupport.framework in Frameworks */,
				30CE5CC12089D0E10045D345 /* CoreTelephony.framework in Frameworks */,
				30CE5CBF2089D0DC0045D345 /* StoreKit.framework in Frameworks */,
				30CE5D46208A05B50045D345 /* InMobiSDK.framework in Frameworks */,
				30CE5D4A208A05B50045D345 /* VungleSDK.framework in Frameworks */,
				30CE5D48208A05B50045D345 /* libGDTMobSDK.a in Frameworks */,
			);
			runOnlyForDeploymentPostprocessing = 0;
		};
/* End PBXFrameworksBuildPhase section */

/* Begin PBXGroup section */
		30CE5C702089CF920045D345 = {
			isa = PBXGroup;
			children = (
				30CE5D37208A05B50045D345 /* SDK */,
				30CE5D062089D2EA0045D345 /* KATracking */,
				30CE5CE02089D2D70045D345 /* KATrackingAdDemo */,
				30CE5C7A2089CF920045D345 /* Products */,
				30CE5CBD2089D0DC0045D345 /* Frameworks */,
			);
			sourceTree = "<group>";
		};
		30CE5C7A2089CF920045D345 /* Products */ = {
			isa = PBXGroup;
			children = (
				30CE5C792089CF920045D345 /* KATrackingAdDemo.app */,
			);
			name = Products;
			sourceTree = "<group>";
		};
		30CE5CBD2089D0DC0045D345 /* Frameworks */ = {
			isa = PBXGroup;
			children = (
				30CE5CDE2089D20D0045D345 /* libz.tbd */,
				30CE5CDC2089D2080045D345 /* libxml2.2.tbd */,
				30CE5CDA2089D2020045D345 /* SystemConfiguration.framework */,
				30CE5CD82089D1F90045D345 /* UIKit.framework */,
				30CE5CD62089D1F30045D345 /* Security.framework */,
				30CE5CD42089D1EB0045D345 /* CoreLocation.framework */,
				30CE5CD22089D1E20045D345 /* CFNetwork.framework */,
				30CE5CD02089D1DD0045D345 /* CoreMotion.framework */,
				30CE5CCE2089D1D30045D345 /* AVFoundation.framework */,
				30CE5CCC2089D1CE0045D345 /* CoreData.framework */,
				30CE5CCA2089D1C90045D345 /* CoreText.framework */,
				30CE5CC82089D1C20045D345 /* WebKit.framework */,
				30CE5CC62089D1BD0045D345 /* libsqlite3.0.tbd */,
				30CE5CC42089D1B00045D345 /* QuartzCore.framework */,
				30CE5CC22089D0E80045D345 /* AdSupport.framework */,
				30CE5CC02089D0E10045D345 /* CoreTelephony.framework */,
				30CE5CBE2089D0DC0045D345 /* StoreKit.framework */,
			);
			name = Frameworks;
			sourceTree = "<group>";
		};
		30CE5CE02089D2D70045D345 /* KATrackingAdDemo */ = {
			isa = PBXGroup;
			children = (
				30CE5CE12089D2D70045D345 /* AppDelegate.h */,
				30CE5CEF2089D2D70045D345 /* AppDelegate.m */,
				30CE5CE32089D2D70045D345 /* KAResources.bundle */,
				30CE5CE42089D2D70045D345 /* AdCell.h */,
				30CE5CF42089D2D70045D345 /* AdCell.m */,
				30CE5CE52089D2D70045D345 /* Assets.xcassets */,
				30CE5CE62089D2D70045D345 /* Prefix.pch */,
				30CE5CE72089D2D70045D345 /* ViewController.m */,
				30CE5CE82089D2D70045D345 /* LaunchScreen.storyboard */,
				30CE5CEA2089D2D70045D345 /* Main.storyboard */,
				30CE5CEC2089D2D70045D345 /* Main.storyboard */,
				30CE5CED2089D2D70045D345 /* main.m */,
				30CE5CE22089D2D70045D345 /* NativeAdController.h */,
				30CE5CEE2089D2D70045D345 /* NativeAdController.m */,
				30CE5CF02089D2D70045D345 /* KATracking */,
				30CE5CF52089D2D70045D345 /* AdCellView.xib */,
				30CE5CF62089D2D70045D345 /* Info.plist */,
				30CE5CF72089D2D70045D345 /* ViewController.h */,
			);
			path = KATrackingAdDemo;
			sourceTree = "<group>";
		};
		30CE5CF02089D2D70045D345 /* KATracking */ = {
			isa = PBXGroup;
			children = (
				30CE5CF12089D2D70045D345 /* KATracking.framework */,
				30CE5CF22089D2D70045D345 /* ad_noCT */,
			);
			path = KATracking;
			sourceTree = "<group>";
		};
		30CE5CF22089D2D70045D345 /* ad_noCT */ = {
			isa = PBXGroup;
			children = (
				30CE5CF32089D2D70045D345 /* KATracking.framework */,
			);
			path = ad_noCT;
			sourceTree = "<group>";
		};
		30CE5D062089D2EA0045D345 /* KATracking */ = {
			isa = PBXGroup;
			children = (
				30CE5D072089D2EA0045D345 /* KATracking.framework */,
			);
			name = KATracking;
			path = KATrackingAdDemo/KATracking;
			sourceTree = "<group>";
		};
		30CE5D37208A05B50045D345 /* SDK */ = {
			isa = PBXGroup;
			children = (
				30CE5D38208A05B50045D345 /* InMobiSDK.framework */,
				30CE5D39208A05B50045D345 /* UnityAds.framework */,
				30CE5D3A208A05B50045D345 /* GDT */,
				30CE5D44208A05B50045D345 /* GoogleMobileAds.framework */,
				30CE5D45208A05B50045D345 /* VungleSDK.framework */,
			);
			name = SDK;
			path = ../SDK;
			sourceTree = "<group>";
		};
		30CE5D3A208A05B50045D345 /* GDT */ = {
			isa = PBXGroup;
			children = (
				30CE5D3B208A05B50045D345 /* GDTNativeExpressAdView.h */,
				30CE5D3C208A05B50045D345 /* GDTMobBannerView.h */,
				30CE5D3D208A05B50045D345 /* GDTTrack.h */,
				30CE5D3E208A05B50045D345 /* GDTNativeAd.h */,
				30CE5D3F208A05B50045D345 /* GDTSDKConfig.h */,
				30CE5D40208A05B50045D345 /* GDTMobInterstitial.h */,
				30CE5D41208A05B50045D345 /* GDTSplashAd.h */,
				30CE5D42208A05B50045D345 /* GDTNativeExpressAd.h */,
				30CE5D43208A05B50045D345 /* libGDTMobSDK.a */,
			);
			path = GDT;
			sourceTree = "<group>";
		};
/* End PBXGroup section */

/* Begin PBXNativeTarget section */
		30CE5C782089CF920045D345 /* KATrackingAdDemo */ = {
			isa = PBXNativeTarget;
			buildConfigurationList = 30CE5C9A2089CF930045D345 /* Build configuration list for PBXNativeTarget "KATrackingAdDemo" */;
			buildPhases = (
				30CE5C752089CF920045D345 /* Sources */,
				30CE5C762089CF920045D345 /* Frameworks */,
				30CE5C772089CF920045D345 /* Resources */,
			);
			buildRules = (
			);
			dependencies = (
			);
			name = KATrackingAdDemo;
			productName = KATrackingDemo;
			productReference = 30CE5C792089CF920045D345 /* KATrackingAdDemo.app */;
			productType = "com.apple.product-type.application";
		};
/* End PBXNativeTarget section */

/* Begin PBXProject section */
		30CE5C712089CF920045D345 /* Project object */ = {
			isa = PBXProject;
			attributes = {
				LastUpgradeCheck = 0930;
				ORGANIZATIONNAME = Appic;
				TargetAttributes = {
					30CE5C782089CF920045D345 = {
						CreatedOnToolsVersion = 9.3;
					};
				};
			};
			buildConfigurationList = 30CE5C742089CF920045D345 /* Build configuration list for PBXProject "KATrackingAdDemo" */;
			compatibilityVersion = "Xcode 9.3";
			developmentRegion = en;
			hasScannedForEncodings = 0;
			knownRegions = (
				en,
				Base,
			);
			mainGroup = 30CE5C702089CF920045D345;
			productRefGroup = 30CE5C7A2089CF920045D345 /* Products */;
			projectDirPath = "";
			projectRoot = "";
			targets = (
				30CE5C782089CF920045D345 /* KATrackingAdDemo */,
			);
		};
/* End PBXProject section */

/* Begin PBXResourcesBuildPhase section */
		30CE5C772089CF920045D345 /* Resources */ = {
			isa = PBXResourcesBuildPhase;
			buildActionMask = 2147483647;
			files = (
				30CE5CFB2089D2D70045D345 /* LaunchScreen.storyboard in Resources */,
				30CE5CFD2089D2D70045D345 /* Main.storyboard in Resources */,
				30CE5CF92089D2D70045D345 /* Assets.xcassets in Resources */,
				30CE5CF82089D2D70045D345 /* KAResources.bundle in Resources */,
				30CE5CFC2089D2D70045D345 /* Main.storyboard in Resources */,
				30CE5D042089D2D70045D345 /* AdCellView.xib in Resources */,
			);
			runOnlyForDeploymentPostprocessing = 0;
		};
/* End PBXResourcesBuildPhase section */

/* Begin PBXSourcesBuildPhase section */
		30CE5C752089CF920045D345 /* Sources */ = {
			isa = PBXSourcesBuildPhase;
			buildActionMask = 2147483647;
			files = (
				30CE5D002089D2D70045D345 /* AppDelegate.m in Sources */,
				30CE5CFE2089D2D70045D345 /* main.m in Sources */,
				30CE5CFA2089D2D70045D345 /* ViewController.m in Sources */,
				30CE5D032089D2D70045D345 /* AdCell.m in Sources */,
				30CE5CFF2089D2D70045D345 /* NativeAdController.m in Sources */,
			);
			runOnlyForDeploymentPostprocessing = 0;
		};
/* End PBXSourcesBuildPhase section */

/* Begin PBXVariantGroup section */
		30CE5CE82089D2D70045D345 /* LaunchScreen.storyboard */ = {
			isa = PBXVariantGroup;
			children = (
				30CE5CE92089D2D70045D345 /* Base */,
			);
			name = LaunchScreen.storyboard;
			sourceTree = "<group>";
		};
		30CE5CEA2089D2D70045D345 /* Main.storyboard */ = {
			isa = PBXVariantGroup;
			children = (
				30CE5CEB2089D2D70045D345 /* Base */,
			);
			name = Main.storyboard;
			sourceTree = "<group>";
		};
/* End PBXVariantGroup section */

/* Begin XCBuildConfiguration section */
		30CE5C982089CF930045D345 /* Debug */ = {
			isa = XCBuildConfiguration;
			buildSettings = {
				ALWAYS_SEARCH_USER_PATHS = NO;
				CLANG_ANALYZER_NONNULL = YES;
				CLANG_ANALYZER_NUMBER_OBJECT_CONVERSION = YES_AGGRESSIVE;
				CLANG_CXX_LANGUAGE_STANDARD = "gnu++14";
				CLANG_CXX_LIBRARY = "libc++";
				CLANG_ENABLE_MODULES = YES;
				CLANG_ENABLE_OBJC_ARC = YES;
				CLANG_ENABLE_OBJC_WEAK = YES;
				CLANG_WARN_BLOCK_CAPTURE_AUTORELEASING = YES;
				CLANG_WARN_BOOL_CONVERSION = YES;
				CLANG_WARN_COMMA = YES;
				CLANG_WARN_CONSTANT_CONVERSION = YES;
				CLANG_WARN_DEPRECATED_OBJC_IMPLEMENTATIONS = YES;
				CLANG_WARN_DIRECT_OBJC_ISA_USAGE = YES_ERROR;
				CLANG_WARN_DOCUMENTATION_COMMENTS = YES;
				CLANG_WARN_EMPTY_BODY = YES;
				CLANG_WARN_ENUM_CONVERSION = YES;
				CLANG_WARN_INFINITE_RECURSION = YES;
				CLANG_WARN_INT_CONVERSION = YES;
				CLANG_WARN_NON_LITERAL_NULL_CONVERSION = YES;
				CLANG_WARN_OBJC_IMPLICIT_RETAIN_SELF = YES;
				CLANG_WARN_OBJC_LITERAL_CONVERSION = YES;
				CLANG_WARN_OBJC_ROOT_CLASS = YES_ERROR;
				CLANG_WARN_RANGE_LOOP_ANALYSIS = YES;
				CLANG_WARN_STRICT_PROTOTYPES = YES;
				CLANG_WARN_SUSPICIOUS_MOVE = YES;
				CLANG_WARN_UNGUARDED_AVAILABILITY = YES_AGGRESSIVE;
				CLANG_WARN_UNREACHABLE_CODE = YES;
				CLANG_WARN__DUPLICATE_METHOD_MATCH = YES;
				CODE_SIGN_IDENTITY = "iPhone Developer";
				COPY_PHASE_STRIP = NO;
				DEBUG_INFORMATION_FORMAT = dwarf;
				ENABLE_STRICT_OBJC_MSGSEND = YES;
				ENABLE_TESTABILITY = YES;
				GCC_C_LANGUAGE_STANDARD = gnu11;
				GCC_DYNAMIC_NO_PIC = NO;
				GCC_NO_COMMON_BLOCKS = YES;
				GCC_OPTIMIZATION_LEVEL = 0;
				GCC_PREPROCESSOR_DEFINITIONS = (
					"DEBUG=1",
					"$(inherited)",
				);
				GCC_WARN_64_TO_32_BIT_CONVERSION = YES;
				GCC_WARN_ABOUT_RETURN_TYPE = YES_ERROR;
				GCC_WARN_UNDECLARED_SELECTOR = YES;
				GCC_WARN_UNINITIALIZED_AUTOS = YES_AGGRESSIVE;
				GCC_WARN_UNUSED_FUNCTION = YES;
				GCC_WARN_UNUSED_VARIABLE = YES;
				IPHONEOS_DEPLOYMENT_TARGET = 11.3;
				MTL_ENABLE_DEBUG_INFO = YES;
				ONLY_ACTIVE_ARCH = YES;
				SDKROOT = iphoneos;
			};
			name = Debug;
		};
		30CE5C992089CF930045D345 /* Release */ = {
			isa = XCBuildConfiguration;
			buildSettings = {
				ALWAYS_SEARCH_USER_PATHS = NO;
				CLANG_ANALYZER_NONNULL = YES;
				CLANG_ANALYZER_NUMBER_OBJECT_CONVERSION = YES_AGGRESSIVE;
				CLANG_CXX_LANGUAGE_STANDARD = "gnu++14";
				CLANG_CXX_LIBRARY = "libc++";
				CLANG_ENABLE_MODULES = YES;
				CLANG_ENABLE_OBJC_ARC = YES;
				CLANG_ENABLE_OBJC_WEAK = YES;
				CLANG_WARN_BLOCK_CAPTURE_AUTORELEASING = YES;
				CLANG_WARN_BOOL_CONVERSION = YES;
				CLANG_WARN_COMMA = YES;
				CLANG_WARN_CONSTANT_CONVERSION = YES;
				CLANG_WARN_DEPRECATED_OBJC_IMPLEMENTATIONS = YES;
				CLANG_WARN_DIRECT_OBJC_ISA_USAGE = YES_ERROR;
				CLANG_WARN_DOCUMENTATION_COMMENTS = YES;
				CLANG_WARN_EMPTY_BODY = YES;
				CLANG_WARN_ENUM_CONVERSION = YES;
				CLANG_WARN_INFINITE_RECURSION = YES;
				CLANG_WARN_INT_CONVERSION = YES;
				CLANG_WARN_NON_LITERAL_NULL_CONVERSION = YES;
				CLANG_WARN_OBJC_IMPLICIT_RETAIN_SELF = YES;
				CLANG_WARN_OBJC_LITERAL_CONVERSION = YES;
				CLANG_WARN_OBJC_ROOT_CLASS = YES_ERROR;
				CLANG_WARN_RANGE_LOOP_ANALYSIS = YES;
				CLANG_WARN_STRICT_PROTOTYPES = YES;
				CLANG_WARN_SUSPICIOUS_MOVE = YES;
				CLANG_WARN_UNGUARDED_AVAILABILITY = YES_AGGRESSIVE;
				CLANG_WARN_UNREACHABLE_CODE = YES;
				CLANG_WARN__DUPLICATE_METHOD_MATCH = YES;
				CODE_SIGN_IDENTITY = "iPhone Developer";
				COPY_PHASE_STRIP = NO;
				DEBUG_INFORMATION_FORMAT = "dwarf-with-dsym";
				ENABLE_NS_ASSERTIONS = NO;
				ENABLE_STRICT_OBJC_MSGSEND = YES;
				GCC_C_LANGUAGE_STANDARD = gnu11;
				GCC_NO_COMMON_BLOCKS = YES;
				GCC_WARN_64_TO_32_BIT_CONVERSION = YES;
				GCC_WARN_ABOUT_RETURN_TYPE = YES_ERROR;
				GCC_WARN_UNDECLARED_SELECTOR = YES;
				GCC_WARN_UNINITIALIZED_AUTOS = YES_AGGRESSIVE;
				GCC_WARN_UNUSED_FUNCTION = YES;
				GCC_WARN_UNUSED_VARIABLE = YES;
				IPHONEOS_DEPLOYMENT_TARGET = 11.3;
				MTL_ENABLE_DEBUG_INFO = NO;
				SDKROOT = iphoneos;
				VALIDATE_PRODUCT = YES;
			};
			name = Release;
		};
		30CE5C9B2089CF930045D345 /* Debug */ = {
			isa = XCBuildConfiguration;
			buildSettings = {
				ASSETCATALOG_COMPILER_APPICON_NAME = AppIcon;
				CODE_SIGN_STYLE = Manual;
				DEVELOPMENT_TEAM = 8JEAL74THQ;
				FRAMEWORK_SEARCH_PATHS = (
					"$(inherited)",
					"$(PROJECT_DIR)/../SDK",
					"$(PROJECT_DIR)/KATrackingAdDemo/KATracking",
				);
				GCC_PREFIX_HEADER = "$(SRCROOT)/KATrackingAdDemo/Prefix.pch";
				INFOPLIST_FILE = "$(SRCROOT)/KATrackingAdDemo/Info.plist";
				IPHONEOS_DEPLOYMENT_TARGET = 8.0;
				LD_RUNPATH_SEARCH_PATHS = (
					"$(inherited)",
					"@executable_path/Frameworks",
				);
				LIBRARY_SEARCH_PATHS = (
					"$(inherited)",
					"$(PROJECT_DIR)/../SDK/GDT",
				);
				OTHER_LDFLAGS = "-ObjC";
				PRODUCT_BUNDLE_IDENTIFIER = com.appicplay.failybrakes;
				PRODUCT_NAME = "$(TARGET_NAME)";
				PROVISIONING_PROFILE = "25b4836f-2cc5-479d-8112-4d24303ae6ce";
				PROVISIONING_PROFILE_SPECIFIER = FailyBrake_dev;
				TARGETED_DEVICE_FAMILY = "1,2";
			};
			name = Debug;
		};
		30CE5C9C2089CF930045D345 /* Release */ = {
			isa = XCBuildConfiguration;
			buildSettings = {
				ASSETCATALOG_COMPILER_APPICON_NAME = AppIcon;
				CODE_SIGN_STYLE = Manual;
				DEVELOPMENT_TEAM = "";
				FRAMEWORK_SEARCH_PATHS = (
					"$(inherited)",
					"$(PROJECT_DIR)/../SDK",
					"$(PROJECT_DIR)/KATrackingAdDemo/KATracking",
				);
				GCC_PREFIX_HEADER = "$(SRCROOT)/KATrackingAdDemo/Prefix.pch";
				INFOPLIST_FILE = "$(SRCROOT)/KATrackingAdDemo/Info.plist";
				IPHONEOS_DEPLOYMENT_TARGET = 8.0;
				LD_RUNPATH_SEARCH_PATHS = (
					"$(inherited)",
					"@executable_path/Frameworks",
				);
				LIBRARY_SEARCH_PATHS = (
					"$(inherited)",
					"$(PROJECT_DIR)/../SDK/GDT",
				);
				OTHER_LDFLAGS = "-ObjC";
				PRODUCT_BUNDLE_IDENTIFIER = com.appicplay.failybrakes;
				PRODUCT_NAME = "$(TARGET_NAME)";
				PROVISIONING_PROFILE_SPECIFIER = "";
				TARGETED_DEVICE_FAMILY = "1,2";
			};
			name = Release;
		};
/* End XCBuildConfiguration section */

/* Begin XCConfigurationList section */
		30CE5C742089CF920045D345 /* Build configuration list for PBXProject "KATrackingAdDemo" */ = {
			isa = XCConfigurationList;
			buildConfigurations = (
				30CE5C982089CF930045D345 /* Debug */,
				30CE5C992089CF930045D345 /* Release */,
			);
			defaultConfigurationIsVisible = 0;
			defaultConfigurationName = Release;
		};
		30CE5C9A2089CF930045D345 /* Build configuration list for PBXNativeTarget "KATrackingAdDemo" */ = {
			isa = XCConfigurationList;
			buildConfigurations = (
				30CE5C9B2089CF930045D345 /* Debug */,
				30CE5C9C2089CF930045D345 /* Release */,
			);
			defaultConfigurationIsVisible = 0;
			defaultConfigurationName = Release;
		};
/* End XCConfigurationList section */
	};
	rootObject = 30CE5C712089CF920045D345 /* Project object */;
}
